
Microsoft Visual Studio Solution File, Format Version 12.00
# Visual Studio Version 16
VisualStudioVersion = 16.0.31105.61
MinimumVisualStudioVersion = 10.0.40219.1
Project("{9A19103F-16F7-4668-BE54-9A1E7A4F7556}") = "V2rayGeodataAutoupdater", "V2rayGeodataAutoupdater\V2rayGeodataAutoupdater.csproj", "{686A59EC-7F6F-4BDC-A242-51A53C84186A}"
EndProject
Project("{9A19103F-16F7-4668-BE54-9A1E7A4F7556}") = "V2rayGeodataAutoupdater.Data", "V2rayGeodataAutoupdater.Data\V2rayGeodataAutoupdater.Data.csproj", "{582A6364-BF56-416F-AD66-D3C41C698417}"
EndProject
Project("{9A19103F-16F7-4668-BE54-9A1E7A4F7556}") = "V2rayGeodataAutoupdater.Config.WPF", "V2rayGeodataAutoupdater.Config.WPF\V2rayGeodataAutoupdater.Config.WPF.csproj", "{54424817-D546-40B3-9377-0BB2E88DC428}"
EndProject
Project("{2150E333-8FDC-42A3-9474-1A3956D46DE8}") = "Solution Items", "Solution Items", "{6F7ED4E3-06B2-4B01-A65A-AC54D080555E}"
	ProjectSection(SolutionItems) = preProject
		README.md = README.md
	EndProjectSection
EndProject
Global
	GlobalSection(SolutionConfigurationPlatforms) = preSolution
		Debug|Any CPU = Debug|Any CPU
		Release|Any CPU = Release|Any CPU
	EndGlobalSection
	GlobalSection(ProjectConfigurationPlatforms) = postSolution
		{686A59EC-7F6F-4BDC-A242-51A53C84186A}.Debug|Any CPU.ActiveCfg = Debug|Any CPU
		{686A59EC-7F6F-4BDC-A242-51A53C84186A}.Debug|Any CPU.Build.0 = Debug|Any CPU
		{686A59EC-7F6F-4BDC-A242-51A53C84186A}.Release|Any CPU.ActiveCfg = Release|Any CPU
		{686A59EC-7F6F-4BDC-A242-51A53C84186A}.Release|Any CPU.Build.0 = Release|Any CPU
		{582A6364-BF56-416F-AD66-D3C41C698417}.Debug|Any CPU.ActiveCfg = Debug|Any CPU
		{582A6364-BF56-416F-AD66-D3C41C698417}.Debug|Any CPU.Build.0 = Debug|Any CPU
		{582A6364-BF56-416F-AD66-D3C41C698417}.Release|Any CPU.ActiveCfg = Release|Any CPU
		{582A6364-BF56-416F-AD66-D3C41C698417}.Release|Any CPU.Build.0 = Release|Any CPU
		{54424817-D546-40B3-9377-0BB2E88DC428}.Debug|Any CPU.ActiveCfg = Debug|Any CPU
		{54424817-D546-40B3-9377-0BB2E88DC428}.Debug|Any CPU.Build.0 = Debug|Any CPU
		{54424817-D546-40B3-9377-0BB2E88DC428}.Release|Any CPU.ActiveCfg = Release|Any CPU
		{54424817-D546-40B3-9377-0BB2E88DC428}.Release|Any CPU.Build.0 = Release|Any CPU
	EndGlobalSection
	GlobalSection(SolutionProperties) = preSolution
		HideSolutionNode = FALSE
	EndGlobalSection
	GlobalSection(ExtensibilityGlobals) = postSolution
		SolutionGuid = {E236EB9B-36E5-4FFB-9647-57B61E9140DB}
	EndGlobalSection
EndGlobal
